// !$*UTF8*$!
{
	archiveVersion = 1;
	classes = {
	};
	objectVersion = 46;
	objects = {

/* Begin PBXBuildFile section */
		E14109AB1A967B1000357A47 /* main.m in Sources */ = {isa = PBXBuildFile; fileRef = E14109AA1A967B1000357A47 /* main.m */; };
		E14109AE1A967B1000357A47 /* AppDelegate.m in Sources */ = {isa = PBXBuildFile; fileRef = E14109AD1A967B1000357A47 /* AppDelegate.m */; };
		E14109B11A967B1000357A47 /* ViewController.m in Sources */ = {isa = PBXBuildFile; fileRef = E14109B01A967B1000357A47 /* ViewController.m */; };
		E14109B41A967B1000357A47 /* Main.storyboard in Resources */ = {isa = PBXBuildFile; fileRef = E14109B21A967B1000357A47 /* Main.storyboard */; };
		E14109B61A967B1000357A47 /* Images.xcassets in Resources */ = {isa = PBXBuildFile; fileRef = E14109B51A967B1000357A47 /* Images.xcassets */; };
		E14109B91A967B1000357A47 /* LaunchScreen.xib in Resources */ = {isa = PBXBuildFile; fileRef = E14109B71A967B1000357A47 /* LaunchScreen.xib */; };
		E14109C51A967B1000357A47 /* testTests.m in Sources */ = {isa = PBXBuildFile; fileRef = E14109C41A967B1000357A47 /* testTests.m */; };
/* End PBXBuildFile section */

/* Begin PBXContainerItemProxy section */
		E14109BF1A967B1000357A47 /* PBXContainerItemProxy */ = {
			isa = PBXContainerItemProxy;
			containerPortal = E141099D1A967B1000357A47 /* Project object */;
			proxyType = 1;
			remoteGlobalIDString = E14109A41A967B1000357A47;
			remoteInfo = test;
		};
/* End PBXContainerItemProxy section */

/* Begin PBXFileReference section */
		E14109A51A967B1000357A47 /* test.app */ = {isa = PBXFileReference; explicitFileType = wrapper.application; includeInIndex = 0; path = test.app; sourceTree = BUILT_PRODUCTS_DIR; };
		E14109A91A967B1000357A47 /* Info.plist */ = {isa = PBXFileReference; lastKnownFileType = text.plist.xml; path = Info.plist; sourceTree = "<group>"; };
		E14109AA1A967B1000357A47 /* main.m */ = {isa = PBXFileReference; lastKnownFileType = sourcecode.c.objc; path = main.m; sourceTree = "<group>"; };
		E14109AC1A967B1000357A47 /* AppDelegate.h */ = {isa = PBXFileReference; lastKnownFileType = sourcecode.c.h; path = AppDelegate.h; sourceTree = "<group>"; };
		E14109AD1A967B1000357A47 /* AppDelegate.m */ = {isa = PBXFileReference; lastKnownFileType = sourcecode.c.objc; path = AppDelegate.m; sourceTree = "<group>"; };
		E14109AF1A967B1000357A47 /* ViewController.h */ = {isa = PBXFileReference; lastKnownFileType = sourcecode.c.h; path = ViewController.h; sourceTree = "<group>"; };
		E14109B01A967B1000357A47 /* ViewController.m */ = {isa = PBXFileReference; lastKnownFileType = sourcecode.c.objc; path = ViewController.m; sourceTree = "<group>"; };
		E14109B31A967B1000357A47 /* Base */ = {isa = PBXFileReference; lastKnownFileType = file.storyboard; name = Base; path = Base.lproj/Main.storyboard; sourceTree = "<group>"; };
		E14109B51A967B1000357A47 /* Images.xcassets */ = {isa = PBXFileReference; lastKnownFileType = folder.assetcatalog; path = Images.xcassets; sourceTree = "<group>"; };
		E14109B81A967B1000357A47 /* Base */ = {isa = PBXFileReference; lastKnownFileType = file.xib; name = Base; path = Base.lproj/LaunchScreen.xib; sourceTree = "<group>"; };
		E14109BE1A967B1000357A47 /* testTests.xctest */ = {isa = PBXFileReference; explicitFileType = wrapper.cfbundle; includeInIndex = 0; path = testTests.xctest; sourceTree = BUILT_PRODUCTS_DIR; };
		E14109C31A967B1000357A47 /* Info.plist */ = {isa = PBXFileReference; lastKnownFileType = text.plist.xml; path = Info.plist; sourceTree = "<group>"; };
		E14109C41A967B1000357A47 /* testTests.m */ = {isa = PBXFileReference; lastKnownFileType = sourcecode.c.objc; path = testTests.m; sourceTree = "<group>"; };
/* End PBXFileReference section */

/* Begin PBXFrameworksBuildPhase section */
		E14109A21A967B1000357A47 /* Frameworks */ = {
			isa = PBXFrameworksBuildPhase;
			buildActionMask = 2147483647;
			files = (
			);
			runOnlyForDeploymentPostprocessing = 0;
		};
		E14109BB1A967B1000357A47 /* Frameworks */ = {
			isa = PBXFrameworksBuildPhase;
			buildActionMask = 2147483647;
			files = (
			);
			runOnlyForDeploymentPostprocessing = 0;
		};
/* End PBXFrameworksBuildPhase section */

/* Begin PBXGroup section */
		E141099C1A967B1000357A47 = {
			isa = PBXGroup;
			children = (
				E14109A71A967B1000357A47 /* test */,
				E14109C11A967B1000357A47 /* testTests */,
				E14109A61A967B1000357A47 /* Products */,
			);
			sourceTree = "<group>";
		};
		E14109A61A967B1000357A47 /* Products */ = {
			isa = PBXGroup;
			children = (
				E14109A51A967B1000357A47 /* test.app */,
				E14109BE1A967B1000357A47 /* testTests.xctest */,
			);
			name = Products;
			sourceTree = "<group>";
		};
		E14109A71A967B1000357A47 /* test */ = {
			isa = PBXGroup;
			children = (
				E14109AC1A967B1000357A47 /* AppDelegate.h */,
				E14109AD1A967B1000357A47 /* AppDelegate.m */,
				E14109AF1A967B1000357A47 /* ViewController.h */,
				E14109B01A967B1000357A47 /* ViewController.m */,
				E14109B21A967B1000357A47 /* Main.storyboard */,
				E14109B51A967B1000357A47 /* Images.xcassets */,
				E14109B71A967B1000357A47 /* LaunchScreen.xib */,
				E14109A81A967B1000357A47 /* Supporting Files */,
			);
			path = test;
			sourceTree = "<group>";
		};
		E14109A81A967B1000357A47 /* Supporting Files */ = {
			isa = PBXGroup;
			children = (
				E14109A91A967B1000357A47 /* Info.plist */,
				E14109AA1A967B1000357A47 /* main.m */,
			);
			name = "Supporting Files";
			sourceTree = "<group>";
		};
		E14109C11A967B1000357A47 /* testTests */ = {
			isa = PBXGroup;
			children = (
				E14109C41A967B1000357A47 /* testTests.m */,
				E14109C21A967B1000357A47 /* Supporting Files */,
			);
			path = testTests;
			sourceTree = "<group>";
		};
		E14109C21A967B1000357A47 /* Supporting Files */ = {
			isa = PBXGroup;
			children = (
				E14109C31A967B1000357A47 /* Info.plist */,
			);
			name = "Supporting Files";
			sourceTree = "<group>";
		};
/* End PBXGroup section */

/* Begin PBXNativeTarget section */
		E14109A41A967B1000357A47 /* test */ = {
			isa = PBXNativeTarget;
			buildConfigurationList = E14109C81A967B1000357A47 /* Build configuration list for PBXNativeTarget "test" */;
			buildPhases = (
				E14109A11A967B1000357A47 /* Sources */,
				E14109A21A967B1000357A47 /* Frameworks */,
				E14109A31A967B1000357A47 /* Resources */,
			);
			buildRules = (
			);
			dependencies = (
			);
			name = test;
			productName = test;
			productReference = E14109A51A967B1000357A47 /* test.app */;
			productType = "com.apple.product-type.application";
		};
		E14109BD1A967B1000357A47 /* testTests */ = {
			isa = PBXNativeTarget;
			buildConfigurationList = E14109CB1A967B1000357A47 /* Build configuration list for PBXNativeTarget "testTests" */;
			buildPhases = (
				E14109BA1A967B1000357A47 /* Sources */,
				E14109BB1A967B1000357A47 /* Frameworks */,
				E14109BC1A967B1000357A47 /* Resources */,
			);
			buildRules = (
			);
			dependencies = (
				E14109C01A967B1000357A47 /* PBXTargetDependency */,
			);
			name = testTests;
			productName = testTests;
			productReference = E14109BE1A967B1000357A47 /* testTests.xctest */;
			productType = "com.apple.product-type.bundle.unit-test";
		};
/* End PBXNativeTarget section */

/* Begin PBXProject section */
		E141099D1A967B1000357A47 /* Project object */ = {
			isa = PBXProject;
			attributes = {
				LastUpgradeCheck = 0610;
				ORGANIZATIONNAME = BestBuy;
				TargetAttributes = {
					E14109A41A967B1000357A47 = {
						CreatedOnToolsVersion = 6.1.1;
					};
					E14109BD1A967B1000357A47 = {
						CreatedOnToolsVersion = 6.1.1;
						TestTargetID = E14109A41A967B1000357A47;
					};
				};
			};
			buildConfigurationList = E14109A01A967B1000357A47 /* Build configuration list for PBXProject "test" */;
			compatibilityVersion = "Xcode 3.2";
			developmentRegion = English;
			hasScannedForEncodings = 0;
			knownRegions = (
				en,
				Base,
			);
			mainGroup = E141099C1A967B1000357A47;
			productRefGroup = E14109A61A967B1000357A47 /* Products */;
			projectDirPath = "";
			projectRoot = "";
			targets = (
				E14109A41A967B1000357A47 /* test */,
				E14109BD1A967B1000357A47 /* testTests */,
			);
		};
/* End PBXProject section */

/* Begin PBXResourcesBuildPhase section */
		E14109A31A967B1000357A47 /* Resources */ = {
			isa = PBXResourcesBuildPhase;
			buildActionMask = 2147483647;
			files = (
				E14109B41A967B1000357A47 /* Main.storyboard in Resources */,
				E14109B91A967B1000357A47 /* LaunchScreen.xib in Resources */,
				E14109B61A967B1000357A47 /* Images.xcassets in Resources */,
			);
			runOnlyForDeploymentPostprocessing = 0;
		};
		E14109BC1A967B1000357A47 /* Resources */ = {
			isa = PBXResourcesBuildPhase;
			buildActionMask = 2147483647;
			files = (
			);
			runOnlyForDeploymentPostprocessing = 0;
		};
/* End PBXResourcesBuildPhase section */

/* Begin PBXSourcesBuildPhase section */
		E14109A11A967B1000357A47 /* Sources */ = {
			isa = PBXSourcesBuildPhase;
			buildActionMask = 2147483647;
			files = (
				E14109B11A967B1000357A47 /* ViewController.m in Sources */,
				E14109AE1A967B1000357A47 /* AppDelegate.m in Sources */,
				E14109AB1A967B1000357A47 /* main.m in Sources */,
			);
			runOnlyForDeploymentPostprocessing = 0;
		};
		E14109BA1A967B1000357A47 /* Sources */ = {
			isa = PBXSourcesBuildPhase;
			buildActionMask = 2147483647;
			files = (
				E14109C51A967B1000357A47 /* testTests.m in Sources */,
			);
			runOnlyForDeploymentPostprocessing = 0;
		};
/* End PBXSourcesBuildPhase section */

/* Begin PBXTargetDependency section */
		E14109C01A967B1000357A47 /* PBXTargetDependency */ = {
			isa = PBXTargetDependency;
			target = E14109A41A967B1000357A47 /* test */;
			targetProxy = E14109BF1A967B1000357A47 /* PBXContainerItemProxy */;
		};
/* End PBXTargetDependency section */

/* Begin PBXVariantGroup section */
		E14109B21A967B1000357A47 /* Main.storyboard */ = {
			isa = PBXVariantGroup;
			children = (
				E14109B31A967B1000357A47 /* Base */,
			);
			name = Main.storyboard;
			sourceTree = "<group>";
		};
		E14109B71A967B1000357A47 /* LaunchScreen.xib */ = {
			isa = PBXVariantGroup;
			children = (
				E14109B81A967B1000357A47 /* Base */,
			);
			name = LaunchScreen.xib;
			sourceTree = "<group>";
		};
/* End PBXVariantGroup section */

/* Begin XCBuildConfiguration section */
		E14109C61A967B1000357A47 /* Debug */ = {
			isa = XCBuildConfiguration;
			buildSettings = {
				ALWAYS_SEARCH_USER_PATHS = NO;
				CLANG_CXX_LANGUAGE_STANDARD = "gnu++0x";
				CLANG_CXX_LIBRARY = "libc++";
				CLANG_ENABLE_MODULES = YES;
				CLANG_ENABLE_OBJC_ARC = YES;
				CLANG_WARN_BOOL_CONVERSION = YES;
				CLANG_WARN_CONSTANT_CONVERSION = YES;
				CLANG_WARN_DIRECT_OBJC_ISA_USAGE = YES_ERROR;
				CLANG_WARN_EMPTY_BODY = YES;
				CLANG_WARN_ENUM_CONVERSION = YES;
				CLANG_WARN_INT_CONVERSION = YES;
				CLANG_WARN_OBJC_ROOT_CLASS = YES_ERROR;
				CLANG_WARN_UNREACHABLE_CODE = YES;
				CLANG_WARN__DUPLICATE_METHOD_MATCH = YES;
				"CODE_SIGN_IDENTITY[sdk=iphoneos*]" = "iPhone Developer";
				COPY_PHASE_STRIP = NO;
				ENABLE_STRICT_OBJC_MSGSEND = YES;
				GCC_C_LANGUAGE_STANDARD = gnu99;
				GCC_DYNAMIC_NO_PIC = NO;
				GCC_OPTIMIZATION_LEVEL = 0;
				GCC_PREPROCESSOR_DEFINITIONS = (
					"DEBUG=1",
					"$(inherited)",
				);
				GCC_SYMBOLS_PRIVATE_EXTERN = NO;
				GCC_WARN_64_TO_32_BIT_CONVERSION = YES;
				GCC_WARN_ABOUT_RETURN_TYPE = YES_ERROR;
				GCC_WARN_UNDECLARED_SELECTOR = YES;
				GCC_WARN_UNINITIALIZED_AUTOS = YES_AGGRESSIVE;
				GCC_WARN_UNUSED_FUNCTION = YES;
				GCC_WARN_UNUSED_VARIABLE = YES;
				IPHONEOS_DEPLOYMENT_TARGET = 8.1;
				MTL_ENABLE_DEBUG_INFO = YES;
				ONLY_ACTIVE_ARCH = YES;
				SDKROOT = iphoneos;
			};
			name = Debug;
		};
		E14109C71A967B1000357A47 /* Release */ = {
			isa = XCBuildConfiguration;
			buildSettings = {
				ALWAYS_SEARCH_USER_PATHS = NO;
				CLANG_CXX_LANGUAGE_STANDARD = "gnu++0x";
				CLANG_CXX_LIBRARY = "libc++";
				CLANG_ENABLE_MODULES = YES;
				CLANG_ENABLE_OBJC_ARC = YES;
				CLANG_WARN_BOOL_CONVERSION = YES;
				CLANG_WARN_CONSTANT_CONVERSION = YES;
				CLANG_WARN_DIRECT_OBJC_ISA_USAGE = YES_ERROR;
				CLANG_WARN_EMPTY_BODY = YES;
				CLANG_WARN_ENUM_CONVERSION = YES;
				CLANG_WARN_INT_CONVERSION = YES;
				CLANG_WARN_OBJC_ROOT_CLASS = YES_ERROR;
				CLANG_WARN_UNREACHABLE_CODE = YES;
				CLANG_WARN__DUPLICATE_METHOD_MATCH = YES;
				"CODE_SIGN_IDENTITY[sdk=iphoneos*]" = "iPhone Developer";
				COPY_PHASE_STRIP = YES;
				ENABLE_NS_ASSERTIONS = NO;
				ENABLE_STRICT_OBJC_MSGSEND = YES;
				GCC_C_LANGUAGE_STANDARD = gnu99;
				GCC_WARN_64_TO_32_BIT_CONVERSION = YES;
				GCC_WARN_ABOUT_RETURN_TYPE = YES_ERROR;
				GCC_WARN_UNDECLARED_SELECTOR = YES;
				GCC_WARN_UNINITIALIZED_AUTOS = YES_AGGRESSIVE;
				GCC_WARN_UNUSED_FUNCTION = YES;
				GCC_WARN_UNUSED_VARIABLE = YES;
				IPHONEOS_DEPLOYMENT_TARGET = 8.1;
				MTL_ENABLE_DEBUG_INFO = NO;
				SDKROOT = iphoneos;
				VALIDATE_PRODUCT = YES;
			};
			name = Release;
		};
		E14109C91A967B1000357A47 /* Debug */ = {
			isa = XCBuildConfiguration;
			buildSettings = {
				ASSETCATALOG_COMPILER_APPICON_NAME = AppIcon;
				INFOPLIST_FILE = test/Info.plist;
				LD_RUNPATH_SEARCH_PATHS = "$(inherited) @executable_path/Frameworks";
				PRODUCT_NAME = "$(TARGET_NAME)";
			};
			name = Debug;
		};
		E14109CA1A967B1000357A47 /* Release */ = {
			isa = XCBuildConfiguration;
			buildSettings = {
				ASSETCATALOG_COMPILER_APPICON_NAME = AppIcon;
				INFOPLIST_FILE = test/Info.plist;
				LD_RUNPATH_SEARCH_PATHS = "$(inherited) @executable_path/Frameworks";
				PRODUCT_NAME = "$(TARGET_NAME)";
			};
			name = Release;
		};
		E14109CC1A967B1000357A47 /* Debug */ = {
			isa = XCBuildConfiguration;
			buildSettings = {
				BUNDLE_LOADER = "$(TEST_HOST)";
				FRAMEWORK_SEARCH_PATHS = (
					"$(SDKROOT)/Developer/Library/Frameworks",
					"$(inherited)",
				);
				GCC_PREPROCESSOR_DEFINITIONS = (
					"DEBUG=1",
					"$(inherited)",
				);
				INFOPLIST_FILE = testTests/Info.plist;
				LD_RUNPATH_SEARCH_PATHS = "$(inherited) @executable_path/Frameworks @loader_path/Frameworks";
				PRODUCT_NAME = "$(TARGET_NAME)";
				TEST_HOST = "$(BUILT_PRODUCTS_DIR)/test.app/test";
			};
			name = Debug;
		};
		E14109CD1A967B1000357A47 /* Release */ = {
			isa = XCBuildConfiguration;
			buildSettings = {
				BUNDLE_LOADER = "$(TEST_HOST)";
				FRAMEWORK_SEARCH_PATHS = (
					"$(SDKROOT)/Developer/Library/Frameworks",
					"$(inherited)",
				);
				INFOPLIST_FILE = testTests/Info.plist;
				LD_RUNPATH_SEARCH_PATHS = "$(inherited) @executable_path/Frameworks @loader_path/Frameworks";
				PRODUCT_NAME = "$(TARGET_NAME)";
				TEST_HOST = "$(BUILT_PRODUCTS_DIR)/test.app/test";
			};
			name = Release;
		};
/* End XCBuildConfiguration section */

/* Begin XCConfigurationList section */
		E14109A01A967B1000357A47 /* Build configuration list for PBXProject "test" */ = {
			isa = XCConfigurationList;
			buildConfigurations = (
				E14109C61A967B1000357A47 /* Debug */,
				E14109C71A967B1000357A47 /* Release */,
			);
			defaultConfigurationIsVisible = 0;
			defaultConfigurationName = Release;
		};
		E14109C81A967B1000357A47 /* Build configuration list for PBXNativeTarget "test" */ = {
			isa = XCConfigurationList;
			buildConfigurations = (
				E14109C91A967B1000357A47 /* Debug */,
				E14109CA1A967B1000357A47 /* Release */,
			);
			defaultConfigurationIsVisible = 0;
		};
		E14109CB1A967B1000357A47 /* Build configuration list for PBXNativeTarget "testTests" */ = {
			isa = XCConfigurationList;
			buildConfigurations = (
				E14109CC1A967B1000357A47 /* Debug */,
				E14109CD1A967B1000357A47 /* Release */,
			);
			defaultConfigurationIsVisible = 0;
		};
/* End XCConfigurationList section */
	};
	rootObject = E141099D1A967B1000357A47 /* Project object */;
}
